
Microsoft Visual Studio Solution File, Format Version 12.00
# Visual Studio Version 16
VisualStudioVersion = 16.0.30128.74
MinimumVisualStudioVersion = 10.0.40219.1
Project("{9A19103F-16F7-4668-BE54-9A1E7A4F7556}") = "TodoApplication", "TodoApplication.csproj", "{C2A15E2A-A817-4F90-821C-1C55C63EAA18}"
EndProject
Project("{FAE04EC0-301F-11D3-BF4B-00C04F79EFBC}") = "TodoApplication.IdentityExample", "..\TodoApplication.IdentityExample\TodoApplication.IdentityExample.csproj", "{F57770DA-1A68-4421-AC29-DD169695553B}"
EndProject
Global
	GlobalSection(SolutionConfigurationPlatforms) = preSolution
		Debug|Any CPU = Debug|Any CPU
		Release|Any CPU = Release|Any CPU
	EndGlobalSection
	GlobalSection(ProjectConfigurationPlatforms) = postSolution
		{C2A15E2A-A817-4F90-821C-1C55C63EAA18}.Debug|Any CPU.ActiveCfg = Debug|Any CPU
		{C2A15E2A-A817-4F90-821C-1C55C63EAA18}.Debug|Any CPU.Build.0 = Debug|Any CPU
		{C2A15E2A-A817-4F90-821C-1C55C63EAA18}.Release|Any CPU.ActiveCfg = Release|Any CPU
		{C2A15E2A-A817-4F90-821C-1C55C63EAA18}.Release|Any CPU.Build.0 = Release|Any CPU
		{F57770DA-1A68-4421-AC29-DD169695553B}.Debug|Any CPU.ActiveCfg = Debug|Any CPU
		{F57770DA-1A68-4421-AC29-DD169695553B}.Debug|Any CPU.Build.0 = Debug|Any CPU
		{F57770DA-1A68-4421-AC29-DD169695553B}.Release|Any CPU.ActiveCfg = Release|Any CPU
		{F57770DA-1A68-4421-AC29-DD169695553B}.Release|Any CPU.Build.0 = Release|Any CPU
	EndGlobalSection
	GlobalSection(SolutionProperties) = preSolution
		HideSolutionNode = FALSE
	EndGlobalSection
	GlobalSection(ExtensibilityGlobals) = postSolution
		SolutionGuid = {15EB0394-B10D-41F1-A471-9D895C9FCD9A}
	EndGlobalSection
EndGlobal
